// !$*UTF8*$!
{
	archiveVersion = 1;
	classes = {
	};
	objectVersion = 50;
	objects = {

/* Begin PBXBuildFile section */
		4EB47C0A2496664600F71439 /* NetworkManager.swift in Sources */ = {isa = PBXBuildFile; fileRef = 4EB47C092496664600F71439 /* NetworkManager.swift */; };
		4EB47C0E2496910800F71439 /* ExternalAccessory.framework in Frameworks */ = {isa = PBXBuildFile; fileRef = 4EB47C0D2496910800F71439 /* ExternalAccessory.framework */; };
		75AB6B38248EBC5100A58113 /* PaintingViewController.swift in Sources */ = {isa = PBXBuildFile; fileRef = 75AB6B37248EBC5100A58113 /* PaintingViewController.swift */; };
		75CC75B924338AAD000C9009 /* RectangleDetectionViewController.swift in Sources */ = {isa = PBXBuildFile; fileRef = 75CC75B824338AAD000C9009 /* RectangleDetectionViewController.swift */; };
		75E00D9C243220A60021F198 /* AppDelegate.swift in Sources */ = {isa = PBXBuildFile; fileRef = 75E00D9B243220A60021F198 /* AppDelegate.swift */; };
		75E00D9E243220A60021F198 /* SceneDelegate.swift in Sources */ = {isa = PBXBuildFile; fileRef = 75E00D9D243220A60021F198 /* SceneDelegate.swift */; };
		75E00DA0243220A60021F198 /* CameraViewController.swift in Sources */ = {isa = PBXBuildFile; fileRef = 75E00D9F243220A60021F198 /* CameraViewController.swift */; };
		75E00DA3243220A60021F198 /* Main.storyboard in Resources */ = {isa = PBXBuildFile; fileRef = 75E00DA1243220A60021F198 /* Main.storyboard */; };
		75E00DA5243220A70021F198 /* Assets.xcassets in Resources */ = {isa = PBXBuildFile; fileRef = 75E00DA4243220A70021F198 /* Assets.xcassets */; };
		75E00DA8243220A70021F198 /* LaunchScreen.storyboard in Resources */ = {isa = PBXBuildFile; fileRef = 75E00DA6243220A70021F198 /* LaunchScreen.storyboard */; };
		75E00DB3243220A70021F198 /* PianTests.swift in Sources */ = {isa = PBXBuildFile; fileRef = 75E00DB2243220A70021F198 /* PianTests.swift */; };
		75E8CE92248E755500948C17 /* PictureTableViewCell.swift in Sources */ = {isa = PBXBuildFile; fileRef = 75E8CE91248E755500948C17 /* PictureTableViewCell.swift */; };
		75E8CE94248E82F600948C17 /* PaintingTableViewController.swift in Sources */ = {isa = PBXBuildFile; fileRef = 75E8CE93248E82F600948C17 /* PaintingTableViewController.swift */; };
		75E8CE98248E86BA00948C17 /* Painting.swift in Sources */ = {isa = PBXBuildFile; fileRef = 75E8CE97248E86BA00948C17 /* Painting.swift */; };
		75F2B0042493D5FB0091FEDF /* Extensions.swift in Sources */ = {isa = PBXBuildFile; fileRef = 75F2B0032493D5FB0091FEDF /* Extensions.swift */; };
		75F2B0062493E4140091FEDF /* CoverLayer.swift in Sources */ = {isa = PBXBuildFile; fileRef = 75F2B0052493E4140091FEDF /* CoverLayer.swift */; };
/* End PBXBuildFile section */

/* Begin PBXContainerItemProxy section */
		75E00DAF243220A70021F198 /* PBXContainerItemProxy */ = {
			isa = PBXContainerItemProxy;
			containerPortal = 75E00D90243220A60021F198 /* Project object */;
			proxyType = 1;
			remoteGlobalIDString = 75E00D97243220A60021F198;
			remoteInfo = TestApp1;
		};
/* End PBXContainerItemProxy section */

/* Begin PBXFileReference section */
		4EB47C092496664600F71439 /* NetworkManager.swift */ = {isa = PBXFileReference; lastKnownFileType = sourcecode.swift; path = NetworkManager.swift; sourceTree = "<group>"; };
		4EB47C0B2496910800F71439 /* Pain.entitlements */ = {isa = PBXFileReference; lastKnownFileType = text.plist.entitlements; path = Pain.entitlements; sourceTree = "<group>"; };
		4EB47C0D2496910800F71439 /* ExternalAccessory.framework */ = {isa = PBXFileReference; lastKnownFileType = wrapper.framework; name = ExternalAccessory.framework; path = System/Library/Frameworks/ExternalAccessory.framework; sourceTree = SDKROOT; };
		75AB6B37248EBC5100A58113 /* PaintingViewController.swift */ = {isa = PBXFileReference; lastKnownFileType = sourcecode.swift; path = PaintingViewController.swift; sourceTree = "<group>"; };
		75CC75B824338AAD000C9009 /* RectangleDetectionViewController.swift */ = {isa = PBXFileReference; lastKnownFileType = sourcecode.swift; path = RectangleDetectionViewController.swift; sourceTree = "<group>"; };
		75E00D98243220A60021F198 /* Pain.app */ = {isa = PBXFileReference; explicitFileType = wrapper.application; includeInIndex = 0; path = Pain.app; sourceTree = BUILT_PRODUCTS_DIR; };
		75E00D9B243220A60021F198 /* AppDelegate.swift */ = {isa = PBXFileReference; lastKnownFileType = sourcecode.swift; path = AppDelegate.swift; sourceTree = "<group>"; };
		75E00D9D243220A60021F198 /* SceneDelegate.swift */ = {isa = PBXFileReference; lastKnownFileType = sourcecode.swift; path = SceneDelegate.swift; sourceTree = "<group>"; };
		75E00D9F243220A60021F198 /* CameraViewController.swift */ = {isa = PBXFileReference; lastKnownFileType = sourcecode.swift; path = CameraViewController.swift; sourceTree = "<group>"; };
		75E00DA2243220A60021F198 /* Base */ = {isa = PBXFileReference; lastKnownFileType = file.storyboard; name = Base; path = Base.lproj/Main.storyboard; sourceTree = "<group>"; };
		75E00DA4243220A70021F198 /* Assets.xcassets */ = {isa = PBXFileReference; lastKnownFileType = folder.assetcatalog; path = Assets.xcassets; sourceTree = "<group>"; };
		75E00DA7243220A70021F198 /* Base */ = {isa = PBXFileReference; lastKnownFileType = file.storyboard; name = Base; path = Base.lproj/LaunchScreen.storyboard; sourceTree = "<group>"; };
		75E00DA9243220A70021F198 /* Info.plist */ = {isa = PBXFileReference; lastKnownFileType = text.plist.xml; path = Info.plist; sourceTree = "<group>"; };
		75E00DAE243220A70021F198 /* PainTests.xctest */ = {isa = PBXFileReference; explicitFileType = wrapper.cfbundle; includeInIndex = 0; path = PainTests.xctest; sourceTree = BUILT_PRODUCTS_DIR; };
		75E00DB2243220A70021F198 /* PianTests.swift */ = {isa = PBXFileReference; lastKnownFileType = sourcecode.swift; path = PianTests.swift; sourceTree = "<group>"; };
		75E00DB4243220A70021F198 /* Info.plist */ = {isa = PBXFileReference; lastKnownFileType = text.plist.xml; path = Info.plist; sourceTree = "<group>"; };
		75E8CE91248E755500948C17 /* PictureTableViewCell.swift */ = {isa = PBXFileReference; lastKnownFileType = sourcecode.swift; path = PictureTableViewCell.swift; sourceTree = "<group>"; };
		75E8CE93248E82F600948C17 /* PaintingTableViewController.swift */ = {isa = PBXFileReference; lastKnownFileType = sourcecode.swift; path = PaintingTableViewController.swift; sourceTree = "<group>"; };
		75E8CE97248E86BA00948C17 /* Painting.swift */ = {isa = PBXFileReference; lastKnownFileType = sourcecode.swift; path = Painting.swift; sourceTree = "<group>"; };
		75F2B0032493D5FB0091FEDF /* Extensions.swift */ = {isa = PBXFileReference; lastKnownFileType = sourcecode.swift; path = Extensions.swift; sourceTree = "<group>"; };
		75F2B0052493E4140091FEDF /* CoverLayer.swift */ = {isa = PBXFileReference; lastKnownFileType = sourcecode.swift; path = CoverLayer.swift; sourceTree = "<group>"; };
/* End PBXFileReference section */

/* Begin PBXFrameworksBuildPhase section */
		75E00D95243220A60021F198 /* Frameworks */ = {
			isa = PBXFrameworksBuildPhase;
			buildActionMask = 2147483647;
			files = (
				4EB47C0E2496910800F71439 /* ExternalAccessory.framework in Frameworks */,
			);
			runOnlyForDeploymentPostprocessing = 0;
		};
		75E00DAB243220A70021F198 /* Frameworks */ = {
			isa = PBXFrameworksBuildPhase;
			buildActionMask = 2147483647;
			files = (
			);
			runOnlyForDeploymentPostprocessing = 0;
		};
/* End PBXFrameworksBuildPhase section */

/* Begin PBXGroup section */
		4EB47C0C2496910800F71439 /* Frameworks */ = {
			isa = PBXGroup;
			children = (
				4EB47C0D2496910800F71439 /* ExternalAccessory.framework */,
			);
			name = Frameworks;
			sourceTree = "<group>";
		};
		7572DF6A249280E500E5A1E1 /* Interface */ = {
			isa = PBXGroup;
			children = (
				75F2B0022493D5DE0091FEDF /* Helpers */,
				7572DF6C2492810500E5A1E1 /* PaintingDisplay */,
				7572DF6B249280FD00E5A1E1 /* Camera */,
			);
			path = Interface;
			sourceTree = "<group>";
		};
		7572DF6B249280FD00E5A1E1 /* Camera */ = {
			isa = PBXGroup;
			children = (
				75E00D9F243220A60021F198 /* CameraViewController.swift */,
				75CC75B824338AAD000C9009 /* RectangleDetectionViewController.swift */,
				75F2B0052493E4140091FEDF /* CoverLayer.swift */,
			);
			path = Camera;
			sourceTree = "<group>";
		};
		7572DF6C2492810500E5A1E1 /* PaintingDisplay */ = {
			isa = PBXGroup;
			children = (
				75E8CE93248E82F600948C17 /* PaintingTableViewController.swift */,
				75AB6B37248EBC5100A58113 /* PaintingViewController.swift */,
				75E8CE91248E755500948C17 /* PictureTableViewCell.swift */,
			);
			path = PaintingDisplay;
			sourceTree = "<group>";
		};
		7572DF6D2492814100E5A1E1 /* Model */ = {
			isa = PBXGroup;
			children = (
				75E8CE97248E86BA00948C17 /* Painting.swift */,
			);
			path = Model;
			sourceTree = "<group>";
		};
		75E00D8F243220A60021F198 = {
			isa = PBXGroup;
			children = (
				75E00D9A243220A60021F198 /* Pain */,
				75E00DB1243220A70021F198 /* PainTests */,
				75E00D99243220A60021F198 /* Products */,
				4EB47C0C2496910800F71439 /* Frameworks */,
			);
			sourceTree = "<group>";
		};
		75E00D99243220A60021F198 /* Products */ = {
			isa = PBXGroup;
			children = (
				75E00D98243220A60021F198 /* Pain.app */,
				75E00DAE243220A70021F198 /* PainTests.xctest */,
			);
			name = Products;
			sourceTree = "<group>";
		};
		75E00D9A243220A60021F198 /* Pain */ = {
			isa = PBXGroup;
			children = (
				4EB47C0B2496910800F71439 /* Pain.entitlements */,
				7572DF6D2492814100E5A1E1 /* Model */,
				7572DF6A249280E500E5A1E1 /* Interface */,
				75E00D9B243220A60021F198 /* AppDelegate.swift */,
				75E00D9D243220A60021F198 /* SceneDelegate.swift */,
				75E00DA1243220A60021F198 /* Main.storyboard */,
				75E00DA4243220A70021F198 /* Assets.xcassets */,
				75E00DA6243220A70021F198 /* LaunchScreen.storyboard */,
				75E00DA9243220A70021F198 /* Info.plist */,
				4EB47C092496664600F71439 /* NetworkManager.swift */,
			);
			path = Pain;
			sourceTree = "<group>";
		};
		75E00DB1243220A70021F198 /* PainTests */ = {
			isa = PBXGroup;
			children = (
				75E00DB2243220A70021F198 /* PianTests.swift */,
				75E00DB4243220A70021F198 /* Info.plist */,
			);
			path = PainTests;
			sourceTree = "<group>";
		};
		75F2B0022493D5DE0091FEDF /* Helpers */ = {
			isa = PBXGroup;
			children = (
				75F2B0032493D5FB0091FEDF /* Extensions.swift */,
			);
			path = Helpers;
			sourceTree = "<group>";
		};
/* End PBXGroup section */

/* Begin PBXNativeTarget section */
		75E00D97243220A60021F198 /* Pain */ = {
			isa = PBXNativeTarget;
			buildConfigurationList = 75E00DB7243220A70021F198 /* Build configuration list for PBXNativeTarget "Pain" */;
			buildPhases = (
				75E00D94243220A60021F198 /* Sources */,
				75E00D95243220A60021F198 /* Frameworks */,
				75E00D96243220A60021F198 /* Resources */,
			);
			buildRules = (
			);
			dependencies = (
			);
			name = Pain;
			productName = TestApp1;
			productReference = 75E00D98243220A60021F198 /* Pain.app */;
			productType = "com.apple.product-type.application";
		};
		75E00DAD243220A70021F198 /* PainTests */ = {
			isa = PBXNativeTarget;
			buildConfigurationList = 75E00DBA243220A70021F198 /* Build configuration list for PBXNativeTarget "PainTests" */;
			buildPhases = (
				75E00DAA243220A70021F198 /* Sources */,
				75E00DAB243220A70021F198 /* Frameworks */,
				75E00DAC243220A70021F198 /* Resources */,
			);
			buildRules = (
			);
			dependencies = (
				75E00DB0243220A70021F198 /* PBXTargetDependency */,
			);
			name = PainTests;
			productName = TestApp1Tests;
			productReference = 75E00DAE243220A70021F198 /* PainTests.xctest */;
			productType = "com.apple.product-type.bundle.unit-test";
		};
/* End PBXNativeTarget section */

/* Begin PBXProject section */
		75E00D90243220A60021F198 /* Project object */ = {
			isa = PBXProject;
			attributes = {
				LastSwiftUpdateCheck = 1130;
				LastUpgradeCheck = 1130;
				ORGANIZATIONNAME = "Andrei Popa";
				TargetAttributes = {
					75E00D97243220A60021F198 = {
						CreatedOnToolsVersion = 11.3.1;
					};
					75E00DAD243220A70021F198 = {
						CreatedOnToolsVersion = 11.3.1;
						TestTargetID = 75E00D97243220A60021F198;
					};
				};
			};
			buildConfigurationList = 75E00D93243220A60021F198 /* Build configuration list for PBXProject "Pain" */;
			compatibilityVersion = "Xcode 9.3";
			developmentRegion = en;
			hasScannedForEncodings = 0;
			knownRegions = (
				en,
				Base,
			);
			mainGroup = 75E00D8F243220A60021F198;
			productRefGroup = 75E00D99243220A60021F198 /* Products */;
			projectDirPath = "";
			projectRoot = "";
			targets = (
				75E00D97243220A60021F198 /* Pain */,
				75E00DAD243220A70021F198 /* PainTests */,
			);
		};
/* End PBXProject section */

/* Begin PBXResourcesBuildPhase section */
		75E00D96243220A60021F198 /* Resources */ = {
			isa = PBXResourcesBuildPhase;
			buildActionMask = 2147483647;
			files = (
				75E00DA8243220A70021F198 /* LaunchScreen.storyboard in Resources */,
				75E00DA5243220A70021F198 /* Assets.xcassets in Resources */,
				75E00DA3243220A60021F198 /* Main.storyboard in Resources */,
			);
			runOnlyForDeploymentPostprocessing = 0;
		};
		75E00DAC243220A70021F198 /* Resources */ = {
			isa = PBXResourcesBuildPhase;
			buildActionMask = 2147483647;
			files = (
			);
			runOnlyForDeploymentPostprocessing = 0;
		};
/* End PBXResourcesBuildPhase section */

/* Begin PBXSourcesBuildPhase section */
		75E00D94243220A60021F198 /* Sources */ = {
			isa = PBXSourcesBuildPhase;
			buildActionMask = 2147483647;
			files = (
				4EB47C0A2496664600F71439 /* NetworkManager.swift in Sources */,
				75AB6B38248EBC5100A58113 /* PaintingViewController.swift in Sources */,
				75F2B0042493D5FB0091FEDF /* Extensions.swift in Sources */,
				75CC75B924338AAD000C9009 /* RectangleDetectionViewController.swift in Sources */,
				75E00DA0243220A60021F198 /* CameraViewController.swift in Sources */,
				75E00D9C243220A60021F198 /* AppDelegate.swift in Sources */,
				75E8CE98248E86BA00948C17 /* Painting.swift in Sources */,
				75E8CE92248E755500948C17 /* PictureTableViewCell.swift in Sources */,
				75F2B0062493E4140091FEDF /* CoverLayer.swift in Sources */,
				75E00D9E243220A60021F198 /* SceneDelegate.swift in Sources */,
				75E8CE94248E82F600948C17 /* PaintingTableViewController.swift in Sources */,
			);
			runOnlyForDeploymentPostprocessing = 0;
		};
		75E00DAA243220A70021F198 /* Sources */ = {
			isa = PBXSourcesBuildPhase;
			buildActionMask = 2147483647;
			files = (
				75E00DB3243220A70021F198 /* PianTests.swift in Sources */,
			);
			runOnlyForDeploymentPostprocessing = 0;
		};
/* End PBXSourcesBuildPhase section */

/* Begin PBXTargetDependency section */
		75E00DB0243220A70021F198 /* PBXTargetDependency */ = {
			isa = PBXTargetDependency;
			target = 75E00D97243220A60021F198 /* Pain */;
			targetProxy = 75E00DAF243220A70021F198 /* PBXContainerItemProxy */;
		};
/* End PBXTargetDependency section */

/* Begin PBXVariantGroup section */
		75E00DA1243220A60021F198 /* Main.storyboard */ = {
			isa = PBXVariantGroup;
			children = (
				75E00DA2243220A60021F198 /* Base */,
			);
			name = Main.storyboard;
			sourceTree = "<group>";
		};
		75E00DA6243220A70021F198 /* LaunchScreen.storyboard */ = {
			isa = PBXVariantGroup;
			children = (
				75E00DA7243220A70021F198 /* Base */,
			);
			name = LaunchScreen.storyboard;
			sourceTree = "<group>";
		};
/* End PBXVariantGroup section */

/* Begin XCBuildConfiguration section */
		75E00DB5243220A70021F198 /* Debug */ = {
			isa = XCBuildConfiguration;
			buildSettings = {
				ALWAYS_SEARCH_USER_PATHS = NO;
				CLANG_ANALYZER_NONNULL = YES;
				CLANG_ANALYZER_NUMBER_OBJECT_CONVERSION = YES_AGGRESSIVE;
				CLANG_CXX_LANGUAGE_STANDARD = "gnu++14";
				CLANG_CXX_LIBRARY = "libc++";
				CLANG_ENABLE_MODULES = YES;
				CLANG_ENABLE_OBJC_ARC = YES;
				CLANG_ENABLE_OBJC_WEAK = YES;
				CLANG_WARN_BLOCK_CAPTURE_AUTORELEASING = YES;
				CLANG_WARN_BOOL_CONVERSION = YES;
				CLANG_WARN_COMMA = YES;
				CLANG_WARN_CONSTANT_CONVERSION = YES;
				CLANG_WARN_DEPRECATED_OBJC_IMPLEMENTATIONS = YES;
				CLANG_WARN_DIRECT_OBJC_ISA_USAGE = YES_ERROR;
				CLANG_WARN_DOCUMENTATION_COMMENTS = YES;
				CLANG_WARN_EMPTY_BODY = YES;
				CLANG_WARN_ENUM_CONVERSION = YES;
				CLANG_WARN_INFINITE_RECURSION = YES;
				CLANG_WARN_INT_CONVERSION = YES;
				CLANG_WARN_NON_LITERAL_NULL_CONVERSION = YES;
				CLANG_WARN_OBJC_IMPLICIT_RETAIN_SELF = YES;
				CLANG_WARN_OBJC_LITERAL_CONVERSION = YES;
				CLANG_WARN_OBJC_ROOT_CLASS = YES_ERROR;
				CLANG_WARN_RANGE_LOOP_ANALYSIS = YES;
				CLANG_WARN_STRICT_PROTOTYPES = YES;
				CLANG_WARN_SUSPICIOUS_MOVE = YES;
				CLANG_WARN_UNGUARDED_AVAILABILITY = YES_AGGRESSIVE;
				CLANG_WARN_UNREACHABLE_CODE = YES;
				CLANG_WARN__DUPLICATE_METHOD_MATCH = YES;
				COPY_PHASE_STRIP = NO;
				DEBUG_INFORMATION_FORMAT = dwarf;
				ENABLE_STRICT_OBJC_MSGSEND = YES;
				ENABLE_TESTABILITY = YES;
				GCC_C_LANGUAGE_STANDARD = gnu11;
				GCC_DYNAMIC_NO_PIC = NO;
				GCC_NO_COMMON_BLOCKS = YES;
				GCC_OPTIMIZATION_LEVEL = 0;
				GCC_PREPROCESSOR_DEFINITIONS = (
					"DEBUG=1",
					"$(inherited)",
				);
				GCC_WARN_64_TO_32_BIT_CONVERSION = YES;
				GCC_WARN_ABOUT_RETURN_TYPE = YES_ERROR;
				GCC_WARN_UNDECLARED_SELECTOR = YES;
				GCC_WARN_UNINITIALIZED_AUTOS = YES_AGGRESSIVE;
				GCC_WARN_UNUSED_FUNCTION = YES;
				GCC_WARN_UNUSED_VARIABLE = YES;
				IPHONEOS_DEPLOYMENT_TARGET = 11.0;
				MTL_ENABLE_DEBUG_INFO = INCLUDE_SOURCE;
				MTL_FAST_MATH = YES;
				ONLY_ACTIVE_ARCH = YES;
				SDKROOT = iphoneos;
				SWIFT_ACTIVE_COMPILATION_CONDITIONS = DEBUG;
				SWIFT_OPTIMIZATION_LEVEL = "-Onone";
			};
			name = Debug;
		};
		75E00DB6243220A70021F198 /* Release */ = {
			isa = XCBuildConfiguration;
			buildSettings = {
				ALWAYS_SEARCH_USER_PATHS = NO;
				CLANG_ANALYZER_NONNULL = YES;
				CLANG_ANALYZER_NUMBER_OBJECT_CONVERSION = YES_AGGRESSIVE;
				CLANG_CXX_LANGUAGE_STANDARD = "gnu++14";
				CLANG_CXX_LIBRARY = "libc++";
				CLANG_ENABLE_MODULES = YES;
				CLANG_ENABLE_OBJC_ARC = YES;
				CLANG_ENABLE_OBJC_WEAK = YES;
				CLANG_WARN_BLOCK_CAPTURE_AUTORELEASING = YES;
				CLANG_WARN_BOOL_CONVERSION = YES;
				CLANG_WARN_COMMA = YES;
				CLANG_WARN_CONSTANT_CONVERSION = YES;
				CLANG_WARN_DEPRECATED_OBJC_IMPLEMENTATIONS = YES;
				CLANG_WARN_DIRECT_OBJC_ISA_USAGE = YES_ERROR;
				CLANG_WARN_DOCUMENTATION_COMMENTS = YES;
				CLANG_WARN_EMPTY_BODY = YES;
				CLANG_WARN_ENUM_CONVERSION = YES;
				CLANG_WARN_INFINITE_RECURSION = YES;
				CLANG_WARN_INT_CONVERSION = YES;
				CLANG_WARN_NON_LITERAL_NULL_CONVERSION = YES;
				CLANG_WARN_OBJC_IMPLICIT_RETAIN_SELF = YES;
				CLANG_WARN_OBJC_LITERAL_CONVERSION = YES;
				CLANG_WARN_OBJC_ROOT_CLASS = YES_ERROR;
				CLANG_WARN_RANGE_LOOP_ANALYSIS = YES;
				CLANG_WARN_STRICT_PROTOTYPES = YES;
				CLANG_WARN_SUSPICIOUS_MOVE = YES;
				CLANG_WARN_UNGUARDED_AVAILABILITY = YES_AGGRESSIVE;
				CLANG_WARN_UNREACHABLE_CODE = YES;
				CLANG_WARN__DUPLICATE_METHOD_MATCH = YES;
				COPY_PHASE_STRIP = NO;
				DEBUG_INFORMATION_FORMAT = "dwarf-with-dsym";
				ENABLE_NS_ASSERTIONS = NO;
				ENABLE_STRICT_OBJC_MSGSEND = YES;
				GCC_C_LANGUAGE_STANDARD = gnu11;
				GCC_NO_COMMON_BLOCKS = YES;
				GCC_WARN_64_TO_32_BIT_CONVERSION = YES;
				GCC_WARN_ABOUT_RETURN_TYPE = YES_ERROR;
				GCC_WARN_UNDECLARED_SELECTOR = YES;
				GCC_WARN_UNINITIALIZED_AUTOS = YES_AGGRESSIVE;
				GCC_WARN_UNUSED_FUNCTION = YES;
				GCC_WARN_UNUSED_VARIABLE = YES;
				IPHONEOS_DEPLOYMENT_TARGET = 11.0;
				MTL_ENABLE_DEBUG_INFO = NO;
				MTL_FAST_MATH = YES;
				SDKROOT = iphoneos;
				SWIFT_COMPILATION_MODE = wholemodule;
				SWIFT_OPTIMIZATION_LEVEL = "-O";
				VALIDATE_PRODUCT = YES;
			};
			name = Release;
		};
		75E00DB8243220A70021F198 /* Debug */ = {
			isa = XCBuildConfiguration;
			buildSettings = {
				ASSETCATALOG_COMPILER_APPICON_NAME = AppIcon;
				CODE_SIGN_ENTITLEMENTS = Pain/Pain.entitlements;
				CODE_SIGN_STYLE = Automatic;
				DEVELOPMENT_TEAM = N8ZCAFNF5F;
				INFOPLIST_FILE = Pain/Info.plist;
				IPHONEOS_DEPLOYMENT_TARGET = 11.0;
				LD_RUNPATH_SEARCH_PATHS = (
					"$(inherited)",
					"@executable_path/Frameworks",
				);
				PRODUCT_BUNDLE_IDENTIFIER = com.florin.Pain;
				PRODUCT_NAME = Pain;
				SWIFT_VERSION = 5.0;
				TARGETED_DEVICE_FAMILY = "1,2";
			};
			name = Debug;
		};
		75E00DB9243220A70021F198 /* Release */ = {
			isa = XCBuildConfiguration;
			buildSettings = {
				ASSETCATALOG_COMPILER_APPICON_NAME = AppIcon;
				CODE_SIGN_ENTITLEMENTS = Pain/Pain.entitlements;
				CODE_SIGN_STYLE = Automatic;
				DEVELOPMENT_TEAM = N8ZCAFNF5F;
				INFOPLIST_FILE = Pain/Info.plist;
				IPHONEOS_DEPLOYMENT_TARGET = 11.0;
				LD_RUNPATH_SEARCH_PATHS = (
					"$(inherited)",
					"@executable_path/Frameworks",
				);
				PRODUCT_BUNDLE_IDENTIFIER = com.florin.Pain;
				PRODUCT_NAME = Pain;
				SWIFT_VERSION = 5.0;
				TARGETED_DEVICE_FAMILY = "1,2";
			};
			name = Release;
		};
		75E00DBB243220A70021F198 /* Debug */ = {
			isa = XCBuildConfiguration;
			buildSettings = {
				ALWAYS_EMBED_SWIFT_STANDARD_LIBRARIES = YES;
				BUNDLE_LOADER = "$(TEST_HOST)";
				CODE_SIGN_STYLE = Automatic;
				INFOPLIST_FILE = TestApp1Tests/Painnfo.plist;
				IPHONEOS_DEPLOYMENT_TARGET = 13.2;
				LD_RUNPATH_SEARCH_PATHS = (
					"$(inherited)",
					"@executable_path/Frameworks",
					"@loader_path/Frameworks",
				);
				PRODUCT_BUNDLE_IDENTIFIER = com.example.TestApp1Tests;
				PRODUCT_NAME = "$(TARGET_NAME)";
				SWIFT_VERSION = 5.0;
				TARGETED_DEVICE_FAMILY = "1,2";
				TEST_HOST = "$(BUPainLT_PRODUCTS_DPainR)/Pain.app/Pain";
			};
			name = Debug;
		};
		75E00DBC243220A70021F198 /* Release */ = {
			isa = XCBuildConfiguration;
			buildSettings = {
				ALWAYS_EMBED_SWIFT_STANDARD_LIBRARIES = YES;
				BUNDLE_LOADER = "$(TEST_HOST)";
				CODE_SIGN_STYLE = Automatic;
				INFOPLIST_FILE = TestApp1Tests/Painnfo.plist;
				IPHONEOS_DEPLOYMENT_TARGET = 13.2;
				LD_RUNPATH_SEARCH_PATHS = (
					"$(inherited)",
					"@executable_path/Frameworks",
					"@loader_path/Frameworks",
				);
				PRODUCT_BUNDLE_IDENTIFIER = com.example.TestApp1Tests;
				PRODUCT_NAME = "$(TARGET_NAME)";
				SWIFT_VERSION = 5.0;
				TARGETED_DEVICE_FAMILY = "1,2";
				TEST_HOST = "$(BUPainLT_PRODUCTS_DPainR)/Pain.app/Pain";
			};
			name = Release;
		};
/* End XCBuildConfiguration section */

/* Begin XCConfigurationList section */
		75E00D93243220A60021F198 /* Build configuration list for PBXProject "Pain" */ = {
			isa = XCConfigurationList;
			buildConfigurations = (
				75E00DB5243220A70021F198 /* Debug */,
				75E00DB6243220A70021F198 /* Release */,
			);
			defaultConfigurationIsVisible = 0;
			defaultConfigurationName = Release;
		};
		75E00DB7243220A70021F198 /* Build configuration list for PBXNativeTarget "Pain" */ = {
			isa = XCConfigurationList;
			buildConfigurations = (
				75E00DB8243220A70021F198 /* Debug */,
				75E00DB9243220A70021F198 /* Release */,
			);
			defaultConfigurationIsVisible = 0;
			defaultConfigurationName = Release;
		};
		75E00DBA243220A70021F198 /* Build configuration list for PBXNativeTarget "PainTests" */ = {
			isa = XCConfigurationList;
			buildConfigurations = (
				75E00DBB243220A70021F198 /* Debug */,
				75E00DBC243220A70021F198 /* Release */,
			);
			defaultConfigurationIsVisible = 0;
			defaultConfigurationName = Release;
		};
/* End XCConfigurationList section */
	};
	rootObject = 75E00D90243220A60021F198 /* Project object */;
}
